
Microsoft Visual Studio Solution File, Format Version 12.00
# Visual Studio Version 17
VisualStudioVersion = 17.10.34928.147
MinimumVisualStudioVersion = 10.0.40219.1
Project("{9A19103F-16F7-4668-BE54-9A1E7A4F7556}") = "OOP4", "OOP4\OOP4.csproj", "{05576CD6-B0C5-46AC-991F-FDBA9BF6922D}"
EndProject
Project("{FAE04EC0-301F-11D3-BF4B-00C04F79EFBC}") = "demo", "demo\demo.csproj", "{CAD2A8E7-2F01-448E-A905-90CFD9E38E4E}"
EndProject
Global
	GlobalSection(SolutionConfigurationPlatforms) = preSolution
		Debug|Any CPU = Debug|Any CPU
		Release|Any CPU = Release|Any CPU
	EndGlobalSection
	GlobalSection(ProjectConfigurationPlatforms) = postSolution
		{05576CD6-B0C5-46AC-991F-FDBA9BF6922D}.Debug|Any CPU.ActiveCfg = Debug|Any CPU
		{05576CD6-B0C5-46AC-991F-FDBA9BF6922D}.Debug|Any CPU.Build.0 = Debug|Any CPU
		{05576CD6-B0C5-46AC-991F-FDBA9BF6922D}.Release|Any CPU.ActiveCfg = Release|Any CPU
		{05576CD6-B0C5-46AC-991F-FDBA9BF6922D}.Release|Any CPU.Build.0 = Release|Any CPU
		{CAD2A8E7-2F01-448E-A905-90CFD9E38E4E}.Debug|Any CPU.ActiveCfg = Debug|Any CPU
		{CAD2A8E7-2F01-448E-A905-90CFD9E38E4E}.Debug|Any CPU.Build.0 = Debug|Any CPU
		{CAD2A8E7-2F01-448E-A905-90CFD9E38E4E}.Release|Any CPU.ActiveCfg = Release|Any CPU
		{CAD2A8E7-2F01-448E-A905-90CFD9E38E4E}.Release|Any CPU.Build.0 = Release|Any CPU
	EndGlobalSection
	GlobalSection(SolutionProperties) = preSolution
		HideSolutionNode = FALSE
	EndGlobalSection
	GlobalSection(ExtensibilityGlobals) = postSolution
		SolutionGuid = {708A74CC-BC15-4D58-9788-32AF38BCC372}
	EndGlobalSection
EndGlobal
